
Microsoft Visual Studio Solution File, Format Version 12.00
# Visual Studio Version 17
VisualStudioVersion = 17.14.36221.1 d17.14
MinimumVisualStudioVersion = 10.0.40219.1
Project("{FAE04EC0-301F-11D3-BF4B-00C04F79EFBC}") = "Mission.Api", "Mission.Api\Mission.Api.csproj", "{2F40A48F-84F2-4226-B9C6-B4D4E8E45CF0}"
EndProject
Project("{FAE04EC0-301F-11D3-BF4B-00C04F79EFBC}") = "Mission.Entities", "Mission.Entities\Mission.Entities.csproj", "{F14C7377-1683-4EFA-94AE-954BB42BF7A2}"
EndProject
Project("{FAE04EC0-301F-11D3-BF4B-00C04F79EFBC}") = "Mission.Services", "Mission.Services\Mission.Services.csproj", "{BAC38F70-4C20-48C5-8F21-2930C3F1A8A6}"
EndProject
Project("{FAE04EC0-301F-11D3-BF4B-00C04F79EFBC}") = "Mission.Repositories", "Mission.Repositories\Mission.Repositories.csproj", "{9DA7E380-DB54-40B8-9448-ECD29D199E0A}"
EndProject
Global
	GlobalSection(SolutionConfigurationPlatforms) = preSolution
		Debug|Any CPU = Debug|Any CPU
		Release|Any CPU = Release|Any CPU
	EndGlobalSection
	GlobalSection(ProjectConfigurationPlatforms) = postSolution
		{2F40A48F-84F2-4226-B9C6-B4D4E8E45CF0}.Debug|Any CPU.ActiveCfg = Debug|Any CPU
		{2F40A48F-84F2-4226-B9C6-B4D4E8E45CF0}.Debug|Any CPU.Build.0 = Debug|Any CPU
		{2F40A48F-84F2-4226-B9C6-B4D4E8E45CF0}.Release|Any CPU.ActiveCfg = Release|Any CPU
		{2F40A48F-84F2-4226-B9C6-B4D4E8E45CF0}.Release|Any CPU.Build.0 = Release|Any CPU
		{F14C7377-1683-4EFA-94AE-954BB42BF7A2}.Debug|Any CPU.ActiveCfg = Debug|Any CPU
		{F14C7377-1683-4EFA-94AE-954BB42BF7A2}.Debug|Any CPU.Build.0 = Debug|Any CPU
		{F14C7377-1683-4EFA-94AE-954BB42BF7A2}.Release|Any CPU.ActiveCfg = Release|Any CPU
		{F14C7377-1683-4EFA-94AE-954BB42BF7A2}.Release|Any CPU.Build.0 = Release|Any CPU
		{BAC38F70-4C20-48C5-8F21-2930C3F1A8A6}.Debug|Any CPU.ActiveCfg = Debug|Any CPU
		{BAC38F70-4C20-48C5-8F21-2930C3F1A8A6}.Debug|Any CPU.Build.0 = Debug|Any CPU
		{BAC38F70-4C20-48C5-8F21-2930C3F1A8A6}.Release|Any CPU.ActiveCfg = Release|Any CPU
		{BAC38F70-4C20-48C5-8F21-2930C3F1A8A6}.Release|Any CPU.Build.0 = Release|Any CPU
		{9DA7E380-DB54-40B8-9448-ECD29D199E0A}.Debug|Any CPU.ActiveCfg = Debug|Any CPU
		{9DA7E380-DB54-40B8-9448-ECD29D199E0A}.Debug|Any CPU.Build.0 = Debug|Any CPU
		{9DA7E380-DB54-40B8-9448-ECD29D199E0A}.Release|Any CPU.ActiveCfg = Release|Any CPU
		{9DA7E380-DB54-40B8-9448-ECD29D199E0A}.Release|Any CPU.Build.0 = Release|Any CPU
	EndGlobalSection
	GlobalSection(SolutionProperties) = preSolution
		HideSolutionNode = FALSE
	EndGlobalSection
	GlobalSection(ExtensibilityGlobals) = postSolution
		SolutionGuid = {2467C808-E510-4862-9617-0A121F2AA73A}
	EndGlobalSection
EndGlobal
